
Microsoft Visual Studio Solution File, Format Version 12.00
# Visual Studio Version 17
VisualStudioVersion = 17.0.31919.166
MinimumVisualStudioVersion = 10.0.40219.1
Project("{FAE04EC0-301F-11D3-BF4B-00C04F79EFBC}") = "PickPoint", "PickPoint\PickPoint.csproj", "{31518DAC-B5E3-41BC-A848-413BA86191CD}"
EndProject
Global
	GlobalSection(SolutionConfigurationPlatforms) = preSolution
		Debug|Any CPU = Debug|Any CPU
		Release|Any CPU = Release|Any CPU
	EndGlobalSection
	GlobalSection(ProjectConfigurationPlatforms) = postSolution
		{31518DAC-B5E3-41BC-A848-413BA86191CD}.Debug|Any CPU.ActiveCfg = Debug|Any CPU
		{31518DAC-B5E3-41BC-A848-413BA86191CD}.Debug|Any CPU.Build.0 = Debug|Any CPU
		{31518DAC-B5E3-41BC-A848-413BA86191CD}.Release|Any CPU.ActiveCfg = Release|Any CPU
		{31518DAC-B5E3-41BC-A848-413BA86191CD}.Release|Any CPU.Build.0 = Release|Any CPU
	EndGlobalSection
	GlobalSection(SolutionProperties) = preSolution
		HideSolutionNode = FALSE
	EndGlobalSection
	GlobalSection(ExtensibilityGlobals) = postSolution
		SolutionGuid = {D87EA843-15DF-4D89-B36A-C86343D652AE}
	EndGlobalSection
EndGlobal
